
Microsoft Visual Studio Solution File, Format Version 12.00
# Visual Studio Version 16
VisualStudioVersion = 16.0.29519.87
MinimumVisualStudioVersion = 10.0.40219.1
Project("{9A19103F-16F7-4668-BE54-9A1E7A4F7556}") = "NullableRepro", "NullableRepro\NullableRepro.csproj", "{8F3288EA-98EB-4F47-8591-FF7415663EDC}"
EndProject
Global
	GlobalSection(SolutionConfigurationPlatforms) = preSolution
		Debug|Any CPU = Debug|Any CPU
		Release|Any CPU = Release|Any CPU
	EndGlobalSection
	GlobalSection(ProjectConfigurationPlatforms) = postSolution
		{8F3288EA-98EB-4F47-8591-FF7415663EDC}.Debug|Any CPU.ActiveCfg = Debug|Any CPU
		{8F3288EA-98EB-4F47-8591-FF7415663EDC}.Debug|Any CPU.Build.0 = Debug|Any CPU
		{8F3288EA-98EB-4F47-8591-FF7415663EDC}.Release|Any CPU.ActiveCfg = Release|Any CPU
		{8F3288EA-98EB-4F47-8591-FF7415663EDC}.Release|Any CPU.Build.0 = Release|Any CPU
	EndGlobalSection
	GlobalSection(SolutionProperties) = preSolution
		HideSolutionNode = FALSE
	EndGlobalSection
	GlobalSection(ExtensibilityGlobals) = postSolution
		SolutionGuid = {857639DE-D071-46FB-8002-C94D901231D8}
	EndGlobalSection
EndGlobal
